
Microsoft Visual Studio Solution File, Format Version 12.00
# Visual Studio Version 17
VisualStudioVersion = 17.9.34607.119
MinimumVisualStudioVersion = 10.0.40219.1
Project("{FAE04EC0-301F-11D3-BF4B-00C04F79EFBC}") = "Homework.Server", "Homework.Server\Homework.Server.csproj", "{7BB45CD2-9227-4012-9884-B88A28FF6152}"
EndProject
Project("{54A90642-561A-4BB1-A94E-469ADEE60C69}") = "homework.client", "homework.client\homework.client.esproj", "{BA7EBC90-B4DE-423F-9668-853B45EB9F3C}"
EndProject
Global
	GlobalSection(SolutionConfigurationPlatforms) = preSolution
		Debug|Any CPU = Debug|Any CPU
		Release|Any CPU = Release|Any CPU
	EndGlobalSection
	GlobalSection(ProjectConfigurationPlatforms) = postSolution
		{7BB45CD2-9227-4012-9884-B88A28FF6152}.Debug|Any CPU.ActiveCfg = Debug|Any CPU
		{7BB45CD2-9227-4012-9884-B88A28FF6152}.Debug|Any CPU.Build.0 = Debug|Any CPU
		{7BB45CD2-9227-4012-9884-B88A28FF6152}.Release|Any CPU.ActiveCfg = Release|Any CPU
		{7BB45CD2-9227-4012-9884-B88A28FF6152}.Release|Any CPU.Build.0 = Release|Any CPU
		{BA7EBC90-B4DE-423F-9668-853B45EB9F3C}.Debug|Any CPU.ActiveCfg = Debug|Any CPU
		{BA7EBC90-B4DE-423F-9668-853B45EB9F3C}.Debug|Any CPU.Build.0 = Debug|Any CPU
		{BA7EBC90-B4DE-423F-9668-853B45EB9F3C}.Debug|Any CPU.Deploy.0 = Debug|Any CPU
		{BA7EBC90-B4DE-423F-9668-853B45EB9F3C}.Release|Any CPU.ActiveCfg = Release|Any CPU
		{BA7EBC90-B4DE-423F-9668-853B45EB9F3C}.Release|Any CPU.Build.0 = Release|Any CPU
		{BA7EBC90-B4DE-423F-9668-853B45EB9F3C}.Release|Any CPU.Deploy.0 = Release|Any CPU
	EndGlobalSection
	GlobalSection(SolutionProperties) = preSolution
		HideSolutionNode = FALSE
	EndGlobalSection
	GlobalSection(ExtensibilityGlobals) = postSolution
		SolutionGuid = {5631F342-414F-45A5-ADAE-8DB883E064E5}
	EndGlobalSection
EndGlobal
